
Microsoft Visual Studio Solution File, Format Version 12.00
# Visual Studio 15
Project("{FAE04EC0-301F-11D3-BF4B-00C04F79EFBC}") = "MagmaConverse", "MagmaConverse\MagmaConverse.csproj", "{D50428B8-0DEC-44DF-8309-3F3FF674226C}"
EndProject
Project("{FAE04EC0-301F-11D3-BF4B-00C04F79EFBC}") = "MagmaConverse.Framework", "MagmaConverse.Framework\MagmaConverse.Framework.csproj", "{13FF8456-901B-4C90-8634-205BE32456D7}"
EndProject
Project("{FAE04EC0-301F-11D3-BF4B-00C04F79EFBC}") = "MagmaConverse.Configuration", "MagmaConverse.Configuration\MagmaConverse.Configuration.csproj", "{3B6C87DB-C602-46D2-82A4-F7064E2573DE}"
EndProject
Project("{2150E333-8FDC-42A3-9474-1A3956D46DE8}") = "Documentation", "Documentation", "{6B097EFC-25A5-4EFE-85F0-E3D9BBAE2EC6}"
	ProjectSection(SolutionItems) = preProject
		README.md = README.md
	EndProjectSection
EndProject
Project("{FAE04EC0-301F-11D3-BF4B-00C04F79EFBC}") = "MagmaConverse.Interfaces", "MagmaConverse.Interfaces\MagmaConverse.Interfaces.csproj", "{9E59C4D5-003B-4024-B3D8-6DF57DB4E71E}"
EndProject
Project("{FAE04EC0-301F-11D3-BF4B-00C04F79EFBC}") = "MagmaConverse.Messaging.Kafka", "MagmaConverse.Messaging.Kafka\MagmaConverse.Messaging.Kafka.csproj", "{C51E80D9-8D04-4869-BBAB-0811C7AFF34E}"
EndProject
Project("{FAE04EC0-301F-11D3-BF4B-00C04F79EFBC}") = "MagmaConverse.Utilities", "MagmaConverse.Utilities\MagmaConverse.Utilities.csproj", "{27D01C38-207E-4907-B315-AC69C7212AD4}"
EndProject
Project("{FAE04EC0-301F-11D3-BF4B-00C04F79EFBC}") = "MagmaConverse.Data", "MagmaConverse.Data\MagmaConverse.Data.csproj", "{2F111C1D-0512-4D9A-9F79-7CE301DC2CCD}"
EndProject
Project("{FAE04EC0-301F-11D3-BF4B-00C04F79EFBC}") = "SwaggerWcf", "SwaggerWcf\SwaggerWcf.csproj", "{CF502140-157F-4788-A833-7AAD45146DDE}"
EndProject
Project("{FAE04EC0-301F-11D3-BF4B-00C04F79EFBC}") = "MagmaConverse.Persistence.MongoDB", "MagmaConverse.Persistence.MongoDB\MagmaConverse.Persistence.MongoDB.csproj", "{5387B130-2AF3-4068-A9F5-B789946577CB}"
EndProject
Project("{FAE04EC0-301F-11D3-BF4B-00C04F79EFBC}") = "MagmaConverse.Persistence", "MagmaConverse.Persistence\MagmaConverse.Persistence.csproj", "{E63BC7DB-BD2F-4E4C-B371-F7212B1CC746}"
EndProject
Project("{FAE04EC0-301F-11D3-BF4B-00C04F79EFBC}") = "MagmaConverse.Mocks", "MagmaConverse.Mocks\MagmaConverse.Mocks.csproj", "{8915CC92-B995-4E2B-949F-9852AC695BA5}"
EndProject
Project("{FAE04EC0-301F-11D3-BF4B-00C04F79EFBC}") = "MagmaConverse.Models", "MagmaConverse.Models\MagmaConverse.Models.csproj", "{F27D6BF2-B5CF-4654-BFE4-4063F1622188}"
EndProject
Global
	GlobalSection(SolutionConfigurationPlatforms) = preSolution
		Debug|Any CPU = Debug|Any CPU
		Release|Any CPU = Release|Any CPU
	EndGlobalSection
	GlobalSection(ProjectConfigurationPlatforms) = postSolution
		{D50428B8-0DEC-44DF-8309-3F3FF674226C}.Debug|Any CPU.ActiveCfg = Debug|Any CPU
		{D50428B8-0DEC-44DF-8309-3F3FF674226C}.Debug|Any CPU.Build.0 = Debug|Any CPU
		{D50428B8-0DEC-44DF-8309-3F3FF674226C}.Release|Any CPU.ActiveCfg = Release|Any CPU
		{D50428B8-0DEC-44DF-8309-3F3FF674226C}.Release|Any CPU.Build.0 = Release|Any CPU
		{13FF8456-901B-4C90-8634-205BE32456D7}.Debug|Any CPU.ActiveCfg = Debug|Any CPU
		{13FF8456-901B-4C90-8634-205BE32456D7}.Debug|Any CPU.Build.0 = Debug|Any CPU
		{13FF8456-901B-4C90-8634-205BE32456D7}.Release|Any CPU.ActiveCfg = Release|Any CPU
		{13FF8456-901B-4C90-8634-205BE32456D7}.Release|Any CPU.Build.0 = Release|Any CPU
		{3B6C87DB-C602-46D2-82A4-F7064E2573DE}.Debug|Any CPU.ActiveCfg = Debug|Any CPU
		{3B6C87DB-C602-46D2-82A4-F7064E2573DE}.Debug|Any CPU.Build.0 = Debug|Any CPU
		{3B6C87DB-C602-46D2-82A4-F7064E2573DE}.Release|Any CPU.ActiveCfg = Release|Any CPU
		{3B6C87DB-C602-46D2-82A4-F7064E2573DE}.Release|Any CPU.Build.0 = Release|Any CPU
		{9E59C4D5-003B-4024-B3D8-6DF57DB4E71E}.Debug|Any CPU.ActiveCfg = Debug|Any CPU
		{9E59C4D5-003B-4024-B3D8-6DF57DB4E71E}.Debug|Any CPU.Build.0 = Debug|Any CPU
		{9E59C4D5-003B-4024-B3D8-6DF57DB4E71E}.Release|Any CPU.ActiveCfg = Release|Any CPU
		{9E59C4D5-003B-4024-B3D8-6DF57DB4E71E}.Release|Any CPU.Build.0 = Release|Any CPU
		{C51E80D9-8D04-4869-BBAB-0811C7AFF34E}.Debug|Any CPU.ActiveCfg = Debug|Any CPU
		{C51E80D9-8D04-4869-BBAB-0811C7AFF34E}.Debug|Any CPU.Build.0 = Debug|Any CPU
		{C51E80D9-8D04-4869-BBAB-0811C7AFF34E}.Release|Any CPU.ActiveCfg = Release|Any CPU
		{C51E80D9-8D04-4869-BBAB-0811C7AFF34E}.Release|Any CPU.Build.0 = Release|Any CPU
		{27D01C38-207E-4907-B315-AC69C7212AD4}.Debug|Any CPU.ActiveCfg = Debug|Any CPU
		{27D01C38-207E-4907-B315-AC69C7212AD4}.Debug|Any CPU.Build.0 = Debug|Any CPU
		{27D01C38-207E-4907-B315-AC69C7212AD4}.Release|Any CPU.ActiveCfg = Release|Any CPU
		{27D01C38-207E-4907-B315-AC69C7212AD4}.Release|Any CPU.Build.0 = Release|Any CPU
		{2F111C1D-0512-4D9A-9F79-7CE301DC2CCD}.Debug|Any CPU.ActiveCfg = Debug|Any CPU
		{2F111C1D-0512-4D9A-9F79-7CE301DC2CCD}.Debug|Any CPU.Build.0 = Debug|Any CPU
		{2F111C1D-0512-4D9A-9F79-7CE301DC2CCD}.Release|Any CPU.ActiveCfg = Release|Any CPU
		{2F111C1D-0512-4D9A-9F79-7CE301DC2CCD}.Release|Any CPU.Build.0 = Release|Any CPU
		{CF502140-157F-4788-A833-7AAD45146DDE}.Debug|Any CPU.ActiveCfg = Debug|Any CPU
		{CF502140-157F-4788-A833-7AAD45146DDE}.Debug|Any CPU.Build.0 = Debug|Any CPU
		{CF502140-157F-4788-A833-7AAD45146DDE}.Release|Any CPU.ActiveCfg = Release|Any CPU
		{CF502140-157F-4788-A833-7AAD45146DDE}.Release|Any CPU.Build.0 = Release|Any CPU
		{5387B130-2AF3-4068-A9F5-B789946577CB}.Debug|Any CPU.ActiveCfg = Debug|Any CPU
		{5387B130-2AF3-4068-A9F5-B789946577CB}.Debug|Any CPU.Build.0 = Debug|Any CPU
		{5387B130-2AF3-4068-A9F5-B789946577CB}.Release|Any CPU.ActiveCfg = Release|Any CPU
		{5387B130-2AF3-4068-A9F5-B789946577CB}.Release|Any CPU.Build.0 = Release|Any CPU
		{E63BC7DB-BD2F-4E4C-B371-F7212B1CC746}.Debug|Any CPU.ActiveCfg = Debug|Any CPU
		{E63BC7DB-BD2F-4E4C-B371-F7212B1CC746}.Debug|Any CPU.Build.0 = Debug|Any CPU
		{E63BC7DB-BD2F-4E4C-B371-F7212B1CC746}.Release|Any CPU.ActiveCfg = Release|Any CPU
		{E63BC7DB-BD2F-4E4C-B371-F7212B1CC746}.Release|Any CPU.Build.0 = Release|Any CPU
		{8915CC92-B995-4E2B-949F-9852AC695BA5}.Debug|Any CPU.ActiveCfg = Debug|Any CPU
		{8915CC92-B995-4E2B-949F-9852AC695BA5}.Debug|Any CPU.Build.0 = Debug|Any CPU
		{8915CC92-B995-4E2B-949F-9852AC695BA5}.Release|Any CPU.ActiveCfg = Release|Any CPU
		{8915CC92-B995-4E2B-949F-9852AC695BA5}.Release|Any CPU.Build.0 = Release|Any CPU
		{F27D6BF2-B5CF-4654-BFE4-4063F1622188}.Debug|Any CPU.ActiveCfg = Debug|Any CPU
		{F27D6BF2-B5CF-4654-BFE4-4063F1622188}.Debug|Any CPU.Build.0 = Debug|Any CPU
		{F27D6BF2-B5CF-4654-BFE4-4063F1622188}.Release|Any CPU.ActiveCfg = Release|Any CPU
		{F27D6BF2-B5CF-4654-BFE4-4063F1622188}.Release|Any CPU.Build.0 = Release|Any CPU
	EndGlobalSection
EndGlobal
